// !$*UTF8*$!
{
	archiveVersion = 1;
	classes = {
	};
	objectVersion = 56;
	objects = {

/* Begin PBXBuildFile section */
		9882D719298C3945002F5B66 /* sound-rise.mp3 in Resources */ = {isa = PBXBuildFile; fileRef = 9882D716298C3945002F5B66 /* sound-rise.mp3 */; };
		9882D71A298C3945002F5B66 /* sound-ding.mp3 in Resources */ = {isa = PBXBuildFile; fileRef = 9882D717298C3945002F5B66 /* sound-ding.mp3 */; };
		9882D71B298C3945002F5B66 /* sound-tap.mp3 in Resources */ = {isa = PBXBuildFile; fileRef = 9882D718298C3945002F5B66 /* sound-tap.mp3 */; };
		9882D724298C66B2002F5B66 /* Constant.swift in Sources */ = {isa = PBXBuildFile; fileRef = 9882D723298C66B2002F5B66 /* Constant.swift */; };
		98A73EE7298C385B00C2792D /* DevoteApp.swift in Sources */ = {isa = PBXBuildFile; fileRef = 98A73EE6298C385B00C2792D /* DevoteApp.swift */; };
		98A73EE9298C385B00C2792D /* ContentView.swift in Sources */ = {isa = PBXBuildFile; fileRef = 98A73EE8298C385B00C2792D /* ContentView.swift */; };
		98A73EEB298C386100C2792D /* Assets.xcassets in Resources */ = {isa = PBXBuildFile; fileRef = 98A73EEA298C386100C2792D /* Assets.xcassets */; };
		98A73EEE298C386100C2792D /* Preview Assets.xcassets in Resources */ = {isa = PBXBuildFile; fileRef = 98A73EED298C386100C2792D /* Preview Assets.xcassets */; };
		98A73EF0298C386100C2792D /* Persistence.swift in Sources */ = {isa = PBXBuildFile; fileRef = 98A73EEF298C386100C2792D /* Persistence.swift */; };
		98A73EF3298C386100C2792D /* Devote.xcdatamodeld in Sources */ = {isa = PBXBuildFile; fileRef = 98A73EF1298C386100C2792D /* Devote.xcdatamodeld */; };
/* End PBXBuildFile section */

/* Begin PBXFileReference section */
		9882D716298C3945002F5B66 /* sound-rise.mp3 */ = {isa = PBXFileReference; lastKnownFileType = audio.mp3; path = "sound-rise.mp3"; sourceTree = "<group>"; };
		9882D717298C3945002F5B66 /* sound-ding.mp3 */ = {isa = PBXFileReference; lastKnownFileType = audio.mp3; path = "sound-ding.mp3"; sourceTree = "<group>"; };
		9882D718298C3945002F5B66 /* sound-tap.mp3 */ = {isa = PBXFileReference; lastKnownFileType = audio.mp3; path = "sound-tap.mp3"; sourceTree = "<group>"; };
		9882D722298C5A73002F5B66 /* Info.plist */ = {isa = PBXFileReference; lastKnownFileType = text.plist; path = Info.plist; sourceTree = "<group>"; };
		9882D723298C66B2002F5B66 /* Constant.swift */ = {isa = PBXFileReference; lastKnownFileType = sourcecode.swift; path = Constant.swift; sourceTree = "<group>"; };
		98A73EE3298C385B00C2792D /* Devote.app */ = {isa = PBXFileReference; explicitFileType = wrapper.application; includeInIndex = 0; path = Devote.app; sourceTree = BUILT_PRODUCTS_DIR; };
		98A73EE6298C385B00C2792D /* DevoteApp.swift */ = {isa = PBXFileReference; lastKnownFileType = sourcecode.swift; path = DevoteApp.swift; sourceTree = "<group>"; };
		98A73EE8298C385B00C2792D /* ContentView.swift */ = {isa = PBXFileReference; lastKnownFileType = sourcecode.swift; path = ContentView.swift; sourceTree = "<group>"; };
		98A73EEA298C386100C2792D /* Assets.xcassets */ = {isa = PBXFileReference; lastKnownFileType = folder.assetcatalog; path = Assets.xcassets; sourceTree = "<group>"; };
		98A73EED298C386100C2792D /* Preview Assets.xcassets */ = {isa = PBXFileReference; lastKnownFileType = folder.assetcatalog; path = "Preview Assets.xcassets"; sourceTree = "<group>"; };
		98A73EEF298C386100C2792D /* Persistence.swift */ = {isa = PBXFileReference; lastKnownFileType = sourcecode.swift; path = Persistence.swift; sourceTree = "<group>"; };
		98A73EF2298C386100C2792D /* Devote.xcdatamodel */ = {isa = PBXFileReference; lastKnownFileType = wrapper.xcdatamodel; path = Devote.xcdatamodel; sourceTree = "<group>"; };
/* End PBXFileReference section */

/* Begin PBXFrameworksBuildPhase section */
		98A73EE0298C385B00C2792D /* Frameworks */ = {
			isa = PBXFrameworksBuildPhase;
			buildActionMask = 2147483647;
			files = (
			);
			runOnlyForDeploymentPostprocessing = 0;
		};
/* End PBXFrameworksBuildPhase section */

/* Begin PBXGroup section */
		9882D71C298C396C002F5B66 /* Sounds */ = {
			isa = PBXGroup;
			children = (
				9882D717298C3945002F5B66 /* sound-ding.mp3 */,
				9882D716298C3945002F5B66 /* sound-rise.mp3 */,
				9882D718298C3945002F5B66 /* sound-tap.mp3 */,
			);
			path = Sounds;
			sourceTree = "<group>";
		};
		9882D71D298C3A6B002F5B66 /* App */ = {
			isa = PBXGroup;
			children = (
				98A73EE8298C385B00C2792D /* ContentView.swift */,
			);
			path = App;
			sourceTree = "<group>";
		};
		9882D71E298C598C002F5B66 /* Extension */ = {
			isa = PBXGroup;
			children = (
			);
			path = Extension;
			sourceTree = "<group>";
		};
		9882D71F298C5994002F5B66 /* Utility */ = {
			isa = PBXGroup;
			children = (
				9882D723298C66B2002F5B66 /* Constant.swift */,
			);
			path = Utility;
			sourceTree = "<group>";
		};
		9882D720298C59AB002F5B66 /* Style */ = {
			isa = PBXGroup;
			children = (
			);
			path = Style;
			sourceTree = "<group>";
		};
		9882D721298C5A22002F5B66 /* Model */ = {
			isa = PBXGroup;
			children = (
				98A73EEF298C386100C2792D /* Persistence.swift */,
				98A73EF1298C386100C2792D /* Devote.xcdatamodeld */,
			);
			path = Model;
			sourceTree = "<group>";
		};
		98A73EDA298C385B00C2792D = {
			isa = PBXGroup;
			children = (
				98A73EE5298C385B00C2792D /* Devote */,
				98A73EE4298C385B00C2792D /* Products */,
			);
			sourceTree = "<group>";
		};
		98A73EE4298C385B00C2792D /* Products */ = {
			isa = PBXGroup;
			children = (
				98A73EE3298C385B00C2792D /* Devote.app */,
			);
			name = Products;
			sourceTree = "<group>";
		};
		98A73EE5298C385B00C2792D /* Devote */ = {
			isa = PBXGroup;
			children = (
				9882D722298C5A73002F5B66 /* Info.plist */,
				9882D720298C59AB002F5B66 /* Style */,
				9882D71F298C5994002F5B66 /* Utility */,
				9882D721298C5A22002F5B66 /* Model */,
				9882D71E298C598C002F5B66 /* Extension */,
				98A73EE6298C385B00C2792D /* DevoteApp.swift */,
				9882D71D298C3A6B002F5B66 /* App */,
				98A73EEA298C386100C2792D /* Assets.xcassets */,
				9882D71C298C396C002F5B66 /* Sounds */,
				98A73EEC298C386100C2792D /* Preview Content */,
			);
			path = Devote;
			sourceTree = "<group>";
		};
		98A73EEC298C386100C2792D /* Preview Content */ = {
			isa = PBXGroup;
			children = (
				98A73EED298C386100C2792D /* Preview Assets.xcassets */,
			);
			path = "Preview Content";
			sourceTree = "<group>";
		};
/* End PBXGroup section */

/* Begin PBXNativeTarget section */
		98A73EE2298C385B00C2792D /* Devote */ = {
			isa = PBXNativeTarget;
			buildConfigurationList = 98A73EF6298C386100C2792D /* Build configuration list for PBXNativeTarget "Devote" */;
			buildPhases = (
				98A73EDF298C385B00C2792D /* Sources */,
				98A73EE0298C385B00C2792D /* Frameworks */,
				98A73EE1298C385B00C2792D /* Resources */,
			);
			buildRules = (
			);
			dependencies = (
			);
			name = Devote;
			productName = Devote;
			productReference = 98A73EE3298C385B00C2792D /* Devote.app */;
			productType = "com.apple.product-type.application";
		};
/* End PBXNativeTarget section */

/* Begin PBXProject section */
		98A73EDB298C385B00C2792D /* Project object */ = {
			isa = PBXProject;
			attributes = {
				BuildIndependentTargetsInParallel = 1;
				LastSwiftUpdateCheck = 1420;
				LastUpgradeCheck = 1420;
				TargetAttributes = {
					98A73EE2298C385B00C2792D = {
						CreatedOnToolsVersion = 14.2;
					};
				};
			};
			buildConfigurationList = 98A73EDE298C385B00C2792D /* Build configuration list for PBXProject "Devote" */;
			compatibilityVersion = "Xcode 14.0";
			developmentRegion = en;
			hasScannedForEncodings = 0;
			knownRegions = (
				en,
				Base,
			);
			mainGroup = 98A73EDA298C385B00C2792D;
			productRefGroup = 98A73EE4298C385B00C2792D /* Products */;
			projectDirPath = "";
			projectRoot = "";
			targets = (
				98A73EE2298C385B00C2792D /* Devote */,
			);
		};
/* End PBXProject section */

/* Begin PBXResourcesBuildPhase section */
		98A73EE1298C385B00C2792D /* Resources */ = {
			isa = PBXResourcesBuildPhase;
			buildActionMask = 2147483647;
			files = (
				9882D71A298C3945002F5B66 /* sound-ding.mp3 in Resources */,
				9882D719298C3945002F5B66 /* sound-rise.mp3 in Resources */,
				98A73EEE298C386100C2792D /* Preview Assets.xcassets in Resources */,
				9882D71B298C3945002F5B66 /* sound-tap.mp3 in Resources */,
				98A73EEB298C386100C2792D /* Assets.xcassets in Resources */,
			);
			runOnlyForDeploymentPostprocessing = 0;
		};
/* End PBXResourcesBuildPhase section */

/* Begin PBXSourcesBuildPhase section */
		98A73EDF298C385B00C2792D /* Sources */ = {
			isa = PBXSourcesBuildPhase;
			buildActionMask = 2147483647;
			files = (
				98A73EF0298C386100C2792D /* Persistence.swift in Sources */,
				98A73EE9298C385B00C2792D /* ContentView.swift in Sources */,
				9882D724298C66B2002F5B66 /* Constant.swift in Sources */,
				98A73EF3298C386100C2792D /* Devote.xcdatamodeld in Sources */,
				98A73EE7298C385B00C2792D /* DevoteApp.swift in Sources */,
			);
			runOnlyForDeploymentPostprocessing = 0;
		};
/* End PBXSourcesBuildPhase section */

/* Begin XCBuildConfiguration section */
		98A73EF4298C386100C2792D /* Debug */ = {
			isa = XCBuildConfiguration;
			buildSettings = {
				ALWAYS_SEARCH_USER_PATHS = NO;
				CLANG_ANALYZER_NONNULL = YES;
				CLANG_ANALYZER_NUMBER_OBJECT_CONVERSION = YES_AGGRESSIVE;
				CLANG_CXX_LANGUAGE_STANDARD = "gnu++20";
				CLANG_ENABLE_MODULES = YES;
				CLANG_ENABLE_OBJC_ARC = YES;
				CLANG_ENABLE_OBJC_WEAK = YES;
				CLANG_WARN_BLOCK_CAPTURE_AUTORELEASING = YES;
				CLANG_WARN_BOOL_CONVERSION = YES;
				CLANG_WARN_COMMA = YES;
				CLANG_WARN_CONSTANT_CONVERSION = YES;
				CLANG_WARN_DEPRECATED_OBJC_IMPLEMENTATIONS = YES;
				CLANG_WARN_DIRECT_OBJC_ISA_USAGE = YES_ERROR;
				CLANG_WARN_DOCUMENTATION_COMMENTS = YES;
				CLANG_WARN_EMPTY_BODY = YES;
				CLANG_WARN_ENUM_CONVERSION = YES;
				CLANG_WARN_INFINITE_RECURSION = YES;
				CLANG_WARN_INT_CONVERSION = YES;
				CLANG_WARN_NON_LITERAL_NULL_CONVERSION = YES;
				CLANG_WARN_OBJC_IMPLICIT_RETAIN_SELF = YES;
				CLANG_WARN_OBJC_LITERAL_CONVERSION = YES;
				CLANG_WARN_OBJC_ROOT_CLASS = YES_ERROR;
				CLANG_WARN_QUOTED_INCLUDE_IN_FRAMEWORK_HEADER = YES;
				CLANG_WARN_RANGE_LOOP_ANALYSIS = YES;
				CLANG_WARN_STRICT_PROTOTYPES = YES;
				CLANG_WARN_SUSPICIOUS_MOVE = YES;
				CLANG_WARN_UNGUARDED_AVAILABILITY = YES_AGGRESSIVE;
				CLANG_WARN_UNREACHABLE_CODE = YES;
				CLANG_WARN__DUPLICATE_METHOD_MATCH = YES;
				COPY_PHASE_STRIP = NO;
				DEBUG_INFORMATION_FORMAT = dwarf;
				ENABLE_STRICT_OBJC_MSGSEND = YES;
				ENABLE_TESTABILITY = YES;
				GCC_C_LANGUAGE_STANDARD = gnu11;
				GCC_DYNAMIC_NO_PIC = NO;
				GCC_NO_COMMON_BLOCKS = YES;
				GCC_OPTIMIZATION_LEVEL = 0;
				GCC_PREPROCESSOR_DEFINITIONS = (
					"DEBUG=1",
					"$(inherited)",
				);
				GCC_WARN_64_TO_32_BIT_CONVERSION = YES;
				GCC_WARN_ABOUT_RETURN_TYPE = YES_ERROR;
				GCC_WARN_UNDECLARED_SELECTOR = YES;
				GCC_WARN_UNINITIALIZED_AUTOS = YES_AGGRESSIVE;
				GCC_WARN_UNUSED_FUNCTION = YES;
				GCC_WARN_UNUSED_VARIABLE = YES;
				IPHONEOS_DEPLOYMENT_TARGET = 16.2;
				MTL_ENABLE_DEBUG_INFO = INCLUDE_SOURCE;
				MTL_FAST_MATH = YES;
				ONLY_ACTIVE_ARCH = YES;
				SDKROOT = iphoneos;
				SWIFT_ACTIVE_COMPILATION_CONDITIONS = DEBUG;
				SWIFT_OPTIMIZATION_LEVEL = "-Onone";
			};
			name = Debug;
		};
		98A73EF5298C386100C2792D /* Release */ = {
			isa = XCBuildConfiguration;
			buildSettings = {
				ALWAYS_SEARCH_USER_PATHS = NO;
				CLANG_ANALYZER_NONNULL = YES;
				CLANG_ANALYZER_NUMBER_OBJECT_CONVERSION = YES_AGGRESSIVE;
				CLANG_CXX_LANGUAGE_STANDARD = "gnu++20";
				CLANG_ENABLE_MODULES = YES;
				CLANG_ENABLE_OBJC_ARC = YES;
				CLANG_ENABLE_OBJC_WEAK = YES;
				CLANG_WARN_BLOCK_CAPTURE_AUTORELEASING = YES;
				CLANG_WARN_BOOL_CONVERSION = YES;
				CLANG_WARN_COMMA = YES;
				CLANG_WARN_CONSTANT_CONVERSION = YES;
				CLANG_WARN_DEPRECATED_OBJC_IMPLEMENTATIONS = YES;
				CLANG_WARN_DIRECT_OBJC_ISA_USAGE = YES_ERROR;
				CLANG_WARN_DOCUMENTATION_COMMENTS = YES;
				CLANG_WARN_EMPTY_BODY = YES;
				CLANG_WARN_ENUM_CONVERSION = YES;
				CLANG_WARN_INFINITE_RECURSION = YES;
				CLANG_WARN_INT_CONVERSION = YES;
				CLANG_WARN_NON_LITERAL_NULL_CONVERSION = YES;
				CLANG_WARN_OBJC_IMPLICIT_RETAIN_SELF = YES;
				CLANG_WARN_OBJC_LITERAL_CONVERSION = YES;
				CLANG_WARN_OBJC_ROOT_CLASS = YES_ERROR;
				CLANG_WARN_QUOTED_INCLUDE_IN_FRAMEWORK_HEADER = YES;
				CLANG_WARN_RANGE_LOOP_ANALYSIS = YES;
				CLANG_WARN_STRICT_PROTOTYPES = YES;
				CLANG_WARN_SUSPICIOUS_MOVE = YES;
				CLANG_WARN_UNGUARDED_AVAILABILITY = YES_AGGRESSIVE;
				CLANG_WARN_UNREACHABLE_CODE = YES;
				CLANG_WARN__DUPLICATE_METHOD_MATCH = YES;
				COPY_PHASE_STRIP = NO;
				DEBUG_INFORMATION_FORMAT = "dwarf-with-dsym";
				ENABLE_NS_ASSERTIONS = NO;
				ENABLE_STRICT_OBJC_MSGSEND = YES;
				GCC_C_LANGUAGE_STANDARD = gnu11;
				GCC_NO_COMMON_BLOCKS = YES;
				GCC_WARN_64_TO_32_BIT_CONVERSION = YES;
				GCC_WARN_ABOUT_RETURN_TYPE = YES_ERROR;
				GCC_WARN_UNDECLARED_SELECTOR = YES;
				GCC_WARN_UNINITIALIZED_AUTOS = YES_AGGRESSIVE;
				GCC_WARN_UNUSED_FUNCTION = YES;
				GCC_WARN_UNUSED_VARIABLE = YES;
				IPHONEOS_DEPLOYMENT_TARGET = 16.2;
				MTL_ENABLE_DEBUG_INFO = NO;
				MTL_FAST_MATH = YES;
				SDKROOT = iphoneos;
				SWIFT_COMPILATION_MODE = wholemodule;
				SWIFT_OPTIMIZATION_LEVEL = "-O";
				VALIDATE_PRODUCT = YES;
			};
			name = Release;
		};
		98A73EF7298C386100C2792D /* Debug */ = {
			isa = XCBuildConfiguration;
			buildSettings = {
				ASSETCATALOG_COMPILER_APPICON_NAME = AppIcon;
				ASSETCATALOG_COMPILER_GLOBAL_ACCENT_COLOR_NAME = AccentColor;
				CODE_SIGN_STYLE = Automatic;
				CURRENT_PROJECT_VERSION = 1;
				DEVELOPMENT_ASSET_PATHS = "\"Devote/Preview Content\"";
				DEVELOPMENT_TEAM = QLRWF66QUK;
				ENABLE_PREVIEWS = YES;
				GENERATE_INFOPLIST_FILE = YES;
				INFOPLIST_FILE = Devote/Info.plist;
				INFOPLIST_KEY_UIApplicationSceneManifest_Generation = YES;
				INFOPLIST_KEY_UIApplicationSupportsIndirectInputEvents = YES;
				INFOPLIST_KEY_UISupportedInterfaceOrientations = UIInterfaceOrientationPortrait;
				LD_RUNPATH_SEARCH_PATHS = (
					"$(inherited)",
					"@executable_path/Frameworks",
				);
				MARKETING_VERSION = 1.0;
				PRODUCT_BUNDLE_IDENTIFIER = io.samuelesimone.Devote;
				PRODUCT_NAME = "$(TARGET_NAME)";
				SWIFT_EMIT_LOC_STRINGS = YES;
				SWIFT_VERSION = 5.0;
				TARGETED_DEVICE_FAMILY = "1,2";
			};
			name = Debug;
		};
		98A73EF8298C386100C2792D /* Release */ = {
			isa = XCBuildConfiguration;
			buildSettings = {
				ASSETCATALOG_COMPILER_APPICON_NAME = AppIcon;
				ASSETCATALOG_COMPILER_GLOBAL_ACCENT_COLOR_NAME = AccentColor;
				CODE_SIGN_STYLE = Automatic;
				CURRENT_PROJECT_VERSION = 1;
				DEVELOPMENT_ASSET_PATHS = "\"Devote/Preview Content\"";
				DEVELOPMENT_TEAM = QLRWF66QUK;
				ENABLE_PREVIEWS = YES;
				GENERATE_INFOPLIST_FILE = YES;
				INFOPLIST_FILE = Devote/Info.plist;
				INFOPLIST_KEY_UIApplicationSceneManifest_Generation = YES;
				INFOPLIST_KEY_UIApplicationSupportsIndirectInputEvents = YES;
				INFOPLIST_KEY_UISupportedInterfaceOrientations = UIInterfaceOrientationPortrait;
				LD_RUNPATH_SEARCH_PATHS = (
					"$(inherited)",
					"@executable_path/Frameworks",
				);
				MARKETING_VERSION = 1.0;
				PRODUCT_BUNDLE_IDENTIFIER = io.samuelesimone.Devote;
				PRODUCT_NAME = "$(TARGET_NAME)";
				SWIFT_EMIT_LOC_STRINGS = YES;
				SWIFT_VERSION = 5.0;
				TARGETED_DEVICE_FAMILY = "1,2";
			};
			name = Release;
		};
/* End XCBuildConfiguration section */

/* Begin XCConfigurationList section */
		98A73EDE298C385B00C2792D /* Build configuration list for PBXProject "Devote" */ = {
			isa = XCConfigurationList;
			buildConfigurations = (
				98A73EF4298C386100C2792D /* Debug */,
				98A73EF5298C386100C2792D /* Release */,
			);
			defaultConfigurationIsVisible = 0;
			defaultConfigurationName = Release;
		};
		98A73EF6298C386100C2792D /* Build configuration list for PBXNativeTarget "Devote" */ = {
			isa = XCConfigurationList;
			buildConfigurations = (
				98A73EF7298C386100C2792D /* Debug */,
				98A73EF8298C386100C2792D /* Release */,
			);
			defaultConfigurationIsVisible = 0;
			defaultConfigurationName = Release;
		};
/* End XCConfigurationList section */

/* Begin XCVersionGroup section */
		98A73EF1298C386100C2792D /* Devote.xcdatamodeld */ = {
			isa = XCVersionGroup;
			children = (
				98A73EF2298C386100C2792D /* Devote.xcdatamodel */,
			);
			currentVersion = 98A73EF2298C386100C2792D /* Devote.xcdatamodel */;
			path = Devote.xcdatamodeld;
			sourceTree = "<group>";
			versionGroupType = wrapper.xcdatamodel;
		};
/* End XCVersionGroup section */
	};
	rootObject = 98A73EDB298C385B00C2792D /* Project object */;
}
